
Microsoft Visual Studio Solution File, Format Version 9.00
# Visual Studio 2005
Project("{FAE04EC0-301F-11D3-BF4B-00C04F79EFBC}") = "AInScanWithCallback", "AInScanWithCallback.csproj", "{AC2CA402-05B4-47B2-BB21-E966D0819DBD}"
EndProject
Global
	GlobalSection(SolutionConfigurationPlatforms) = preSolution
		Debug|Any CPU = Debug|Any CPU
		Release|Any CPU = Release|Any CPU
	EndGlobalSection
	GlobalSection(ProjectConfigurationPlatforms) = postSolution
		{AC2CA402-05B4-47B2-BB21-E966D0819DBD}.Debug|Any CPU.ActiveCfg = Debug|Any CPU
		{AC2CA402-05B4-47B2-BB21-E966D0819DBD}.Debug|Any CPU.Build.0 = Debug|Any CPU
		{AC2CA402-05B4-47B2-BB21-E966D0819DBD}.Release|Any CPU.ActiveCfg = Release|Any CPU
		{AC2CA402-05B4-47B2-BB21-E966D0819DBD}.Release|Any CPU.Build.0 = Release|Any CPU
	EndGlobalSection
	GlobalSection(SolutionProperties) = preSolution
		HideSolutionNode = FALSE
	EndGlobalSection
EndGlobal
