
Microsoft Visual Studio Solution File, Format Version 9.00
# Visual Studio 2005
Project("{FAE04EC0-301F-11D3-BF4B-00C04F79EFBC}") = "CtrIn", "CtrIn.csproj", "{CCBEA1DE-2392-4D1A-A2B1-64C9B19C3F87}"
EndProject
Global
	GlobalSection(SolutionConfigurationPlatforms) = preSolution
		Debug|Any CPU = Debug|Any CPU
		Release|Any CPU = Release|Any CPU
	EndGlobalSection
	GlobalSection(ProjectConfigurationPlatforms) = postSolution
		{CCBEA1DE-2392-4D1A-A2B1-64C9B19C3F87}.Debug|Any CPU.ActiveCfg = Debug|Any CPU
		{CCBEA1DE-2392-4D1A-A2B1-64C9B19C3F87}.Debug|Any CPU.Build.0 = Debug|Any CPU
		{CCBEA1DE-2392-4D1A-A2B1-64C9B19C3F87}.Release|Any CPU.ActiveCfg = Release|Any CPU
		{CCBEA1DE-2392-4D1A-A2B1-64C9B19C3F87}.Release|Any CPU.Build.0 = Release|Any CPU
	EndGlobalSection
	GlobalSection(SolutionProperties) = preSolution
		HideSolutionNode = FALSE
	EndGlobalSection
EndGlobal
